PODS:
  - Alamofire (4.8.2)
  - Amplitude-iOS (4.6.0)
  - Charts (3.4.0):
    - Charts/Core (= 3.4.0)
  - Charts/Core (3.4.0)
  - Crashlytics (3.13.4):
    - Fabric (~> 1.10.2)
  - CryptoSwift (1.0.0)
  - CSV.swift (2.4.2)
  - DeviceKit (2.3.0)
  - Down (0.9.0)
  - Fabric (1.10.2)
  - Firebase (6.12.0):
    - Firebase/Core (= 6.12.0)
  - Firebase/Analytics (6.12.0):
    - Firebase/Core
  - Firebase/Auth (6.12.0):
    - Firebase/CoreOnly
    - FirebaseAuth (~> 6.3.1)
  - Firebase/Core (6.12.0):
    - Firebase/CoreOnly
    - FirebaseAnalytics (= 6.1.5)
  - Firebase/CoreOnly (6.12.0):
    - FirebaseCore (= 6.3.3)
  - Firebase/Database (6.12.0):
    - Firebase/CoreOnly
    - FirebaseDatabase (~> 6.1.2)
  - Firebase/InAppMessagingDisplay (6.12.0):
    - Firebase/CoreOnly
    - FirebaseInAppMessagingDisplay (~> 0.15.5)
  - Firebase/Messaging (6.12.0):
    - Firebase/CoreOnly
    - FirebaseMessaging (~> 4.1.8)
  - FirebaseAnalytics (6.1.5):
    - FirebaseCore (~> 6.3)
    - FirebaseInstanceID (~> 4.2)
    - GoogleAppMeasurement (= 6.1.5)
    - GoogleUtilities/AppDelegateSwizzler (~> 6.0)
    - GoogleUtilities/MethodSwizzler (~> 6.0)
    - GoogleUtilities/Network (~> 6.0)
    - "GoogleUtilities/NSData+zlib (~> 6.0)"
    - nanopb (= 0.3.9011)
  - FirebaseAnalyticsInterop (1.4.0)
  - FirebaseAuth (6.3.1):
    - FirebaseAuthInterop (~> 1.0)
    - FirebaseCore (~> 6.2)
    - GoogleUtilities/AppDelegateSwizzler (~> 6.2)
    - GoogleUtilities/Environment (~> 6.2)
    - GTMSessionFetcher/Core (~> 1.1)
  - FirebaseAuthInterop (1.0.0)
  - FirebaseCore (6.3.3):
    - FirebaseCoreDiagnostics (~> 1.0)
    - FirebaseCoreDiagnosticsInterop (~> 1.0)
    - GoogleUtilities/Environment (~> 6.2)
    - GoogleUtilities/Logger (~> 6.2)
  - FirebaseCoreDiagnostics (1.1.1):
    - FirebaseCoreDiagnosticsInterop (~> 1.0)
    - GoogleDataTransportCCTSupport (~> 1.0)
    - GoogleUtilities/Environment (~> 6.2)
    - GoogleUtilities/Logger (~> 6.2)
    - nanopb (~> 0.3.901)
  - FirebaseCoreDiagnosticsInterop (1.1.0)
  - FirebaseDatabase (6.1.2):
    - FirebaseAuthInterop (~> 1.0)
    - FirebaseCore (~> 6.0)
    - leveldb-library (~> 1.22)
  - FirebaseInAppMessaging (0.15.5):
    - FirebaseAnalyticsInterop (~> 1.3)
    - FirebaseCore (~> 6.2)
    - FirebaseInstanceID (~> 4.0)
    - GoogleDataTransportCCTSupport (~> 1.0)
  - FirebaseInAppMessagingDisplay (0.15.5):
    - FirebaseCore (~> 6.2)
    - FirebaseInAppMessaging (>= 0.15.0)
  - FirebaseInstanceID (4.2.7):
    - FirebaseCore (~> 6.0)
    - GoogleUtilities/Environment (~> 6.0)
    - GoogleUtilities/UserDefaults (~> 6.0)
  - FirebaseMessaging (4.1.8):
    - FirebaseAnalyticsInterop (~> 1.3)
    - FirebaseCore (~> 6.2)
    - FirebaseInstanceID (~> 4.1)
    - GoogleUtilities/AppDelegateSwizzler (~> 6.2)
    - GoogleUtilities/Environment (~> 6.2)
    - GoogleUtilities/Reachability (~> 6.2)
    - GoogleUtilities/UserDefaults (~> 6.2)
    - Protobuf (>= 3.9.2, ~> 3.9)
  - GoogleAppMeasurement (6.1.5):
    - GoogleUtilities/AppDelegateSwizzler (~> 6.0)
    - GoogleUtilities/MethodSwizzler (~> 6.0)
    - GoogleUtilities/Network (~> 6.0)
    - "GoogleUtilities/NSData+zlib (~> 6.0)"
    - nanopb (= 0.3.9011)
  - GoogleDataTransport (3.0.1)
  - GoogleDataTransportCCTSupport (1.2.1):
    - GoogleDataTransport (~> 3.0)
    - nanopb (~> 0.3.901)
  - GoogleUtilities/AppDelegateSwizzler (6.3.1):
    - GoogleUtilities/Environment
    - GoogleUtilities/Logger
    - GoogleUtilities/Network
  - GoogleUtilities/Environment (6.3.1)
  - GoogleUtilities/Logger (6.3.1):
    - GoogleUtilities/Environment
  - GoogleUtilities/MethodSwizzler (6.3.1):
    - GoogleUtilities/Logger
  - GoogleUtilities/Network (6.3.1):
    - GoogleUtilities/Logger
    - "GoogleUtilities/NSData+zlib"
    - GoogleUtilities/Reachability
  - "GoogleUtilities/NSData+zlib (6.3.1)"
  - GoogleUtilities/Reachability (6.3.1):
    - GoogleUtilities/Logger
  - GoogleUtilities/UserDefaults (6.3.1):
    - GoogleUtilities/Logger
  - GTMSessionFetcher/Core (1.3.0)
  - IdentityImg (0.2)
  - InfiniteCollectionView (1.3.2)
  - Intercom (6.1.0)
  - IQKeyboardManagerSwift (6.5.5)
  - KeychainAccess (3.2.0)
  - Kingfisher (5.7.0)
  - Koloda (5.0):
    - pop (~> 1.0)
  - leveldb-library (1.22)
  - MGSwipeTableCell (1.6.8)
  - Moya (13.0.1):
    - Moya/Core (= 13.0.1)
  - Moya/Core (13.0.1):
    - Alamofire (~> 4.1)
    - Result (~> 4.1)
  - Moya/RxSwift (13.0.1):
    - Moya/Core
    - RxSwift (~> 4.0)
  - nanopb (0.3.9011):
    - nanopb/decode (= 0.3.9011)
    - nanopb/encode (= 0.3.9011)
  - nanopb/decode (0.3.9011)
  - nanopb/encode (0.3.9011)
  - pop (1.0.12)
  - Protobuf (3.10.0)
  - QRCode (2.0)
  - QRCodeReader.swift (9.0.1)
  - ReachabilitySwift (4.3.1)
  - Realm (3.17.1):
    - Realm/Headers (= 3.17.1)
  - Realm/Headers (3.17.1)
  - RealmSwift (3.17.1):
    - Realm (= 3.17.1)
  - RESideMenu (4.0.7)
  - Result (4.1.0)
  - Reveal-SDK (20)
  - RxCocoa (4.5.0):
    - RxSwift (>= 4.4.2, ~> 4.4)
  - RxFeedback (2.0.0):
    - RxCocoa (~> 4.4)
    - RxSwift (~> 4.4)
  - RxGesture (2.2.0):
    - RxCocoa (~> 4.5)
    - RxSwift (~> 4.5)
  - RxOptional (3.6.2):
    - RxCocoa (~> 4.0)
    - RxSwift (~> 4.0)
  - RxReachability (0.1.8):
    - ReachabilitySwift (~> 4.3.0)
    - RxCocoa (~> 4)
    - RxSwift (~> 4)
  - RxRealm (0.7.6):
    - RealmSwift (~> 3.0)
    - RxSwift (~> 4.0)
  - RxSwift (4.5.0)
  - RxSwiftExt (3.4.0):
    - RxSwiftExt/Core (= 3.4.0)
    - RxSwiftExt/RxCocoa (= 3.4.0)
  - RxSwiftExt/Core (3.4.0):
    - RxSwift (~> 4.0)
  - RxSwiftExt/RxCocoa (3.4.0):
    - RxCocoa (~> 4.0)
    - RxSwiftExt/Core
  - Sentry (4.4.0):
    - Sentry/Core (= 4.4.0)
  - Sentry/Core (4.4.0)
  - Skeleton (0.3.1)
  - SwiftGen (5.3.0)
  - SwiftLint (0.39.1)
  - SwiftMonkey (2.1.1)
  - SwiftMonkeyPaws (2.1.1)
  - SwipeView (1.3.2)
  - TPKeyboardAvoiding (1.3.2)
  - TTTAttributedLabel (2.0.0)
  - "UITextView+Placeholder (1.2.1)"
  - UPCarouselFlowLayout (1.1.2)

DEPENDENCIES:
  - Amplitude-iOS
  - Charts
  - Crashlytics
  - CryptoSwift
  - CSV.swift
  - DeviceKit
  - Down
  - Fabric
  - Firebase
  - Firebase/Analytics
  - Firebase/Auth
  - Firebase/Core
  - Firebase/Database
  - Firebase/InAppMessagingDisplay
  - Firebase/Messaging
  - IdentityImg (from `https://github.com/wavesplatform/identity-img-swift.git`)
  - InfiniteCollectionView (from `https://github.com/wavesplatform/InfiniteCollectionView.git`, branch `swift5`)
  - Intercom
  - IQKeyboardManagerSwift
  - KeychainAccess
  - Kingfisher
  - Koloda
  - MGSwipeTableCell
  - Moya
  - Moya/RxSwift
  - QRCode
  - QRCodeReader.swift (~> 9.0.1)
  - RealmSwift
  - RESideMenu (from `https://github.com/wavesplatform/RESideMenu.git`)
  - Reveal-SDK (~> 20)
  - RxCocoa
  - RxFeedback
  - RxGesture
  - RxOptional
  - RxReachability
  - RxRealm
  - RxSwift
  - RxSwiftExt
  - Sentry
  - Skeleton
  - SwiftGen (~> 5.3.0)
  - SwiftLint
  - SwiftMonkey
  - SwiftMonkeyPaws
  - SwipeView
  - TPKeyboardAvoiding
  - TTTAttributedLabel
  - "UITextView+Placeholder"
  - UPCarouselFlowLayout

SPEC REPOS:
  trunk:
    - Alamofire
    - Amplitude-iOS
    - Charts
    - Crashlytics
    - CryptoSwift
    - CSV.swift
    - DeviceKit
    - Down
    - Fabric
    - Firebase
    - FirebaseAnalytics
    - FirebaseAnalyticsInterop
    - FirebaseAuth
    - FirebaseAuthInterop
    - FirebaseCore
    - FirebaseCoreDiagnostics
    - FirebaseCoreDiagnosticsInterop
    - FirebaseDatabase
    - FirebaseInAppMessaging
    - FirebaseInAppMessagingDisplay
    - FirebaseInstanceID
    - FirebaseMessaging
    - GoogleAppMeasurement
    - GoogleDataTransport
    - GoogleDataTransportCCTSupport
    - GoogleUtilities
    - GTMSessionFetcher
    - Intercom
    - IQKeyboardManagerSwift
    - KeychainAccess
    - Kingfisher
    - Koloda
    - leveldb-library
    - MGSwipeTableCell
    - Moya
    - nanopb
    - pop
    - Protobuf
    - QRCode
    - QRCodeReader.swift
    - ReachabilitySwift
    - Realm
    - RealmSwift
    - Result
    - Reveal-SDK
    - RxCocoa
    - RxFeedback
    - RxGesture
    - RxOptional
    - RxReachability
    - RxRealm
    - RxSwift
    - RxSwiftExt
    - Sentry
    - Skeleton
    - SwiftGen
    - SwiftLint
    - SwiftMonkey
    - SwiftMonkeyPaws
    - SwipeView
    - TPKeyboardAvoiding
    - TTTAttributedLabel
    - "UITextView+Placeholder"
    - UPCarouselFlowLayout

EXTERNAL SOURCES:
  IdentityImg:
    :git: https://github.com/wavesplatform/identity-img-swift.git
  InfiniteCollectionView:
    :branch: swift5
    :git: https://github.com/wavesplatform/InfiniteCollectionView.git
  RESideMenu:
    :git: https://github.com/wavesplatform/RESideMenu.git

CHECKOUT OPTIONS:
  IdentityImg:
    :commit: 225bfa9f534eb09c3ac0e0dbd77e0a4d99a287f1
    :git: https://github.com/wavesplatform/identity-img-swift.git
  InfiniteCollectionView:
    :commit: 0ea9140787e243a76b511ffc04c62e623262ef31
    :git: https://github.com/wavesplatform/InfiniteCollectionView.git
  RESideMenu:
    :commit: c4870be8caf988b3c164bbf5675a717a905e9952
    :git: https://github.com/wavesplatform/RESideMenu.git

SPEC CHECKSUMS:
  Alamofire: ae5c501addb7afdbb13687d7f2f722c78734c2d3
  Amplitude-iOS: ac1715ae68104b7a51723209ad574f60ab22ae5f
  Charts: 74c9f256eaf0460c0c416522d1cf8c634ea6b286
  Crashlytics: 2dfd686bcb918dc10ee0e76f7f853fe42c7bd552
  CryptoSwift: d81eeaa59dc5a8d03720fe919a6fd07b51f7439f
  CSV.swift: 9670cc1b3e3f01e9eebb1aeb603b17b4459e7493
  DeviceKit: da103891aa928d89f64ea8dd8aca738c5f3d8ac0
  Down: 1cdbca4963b542d0ef34ebb3e10ff48382bdf761
  Fabric: 706c8b8098fff96c33c0db69cbf81f9c551d0d74
  Firebase: da031bc7012374e3bed17a6731b89327b29863b9
  FirebaseAnalytics: 4e53a7eb7b76bc703c4d9239bc964545e9b23361
  FirebaseAnalyticsInterop: d48b6ab67bcf016a05e55b71fc39c61c0cb6b7f3
  FirebaseAuth: b401a012cc33b04df3b52bb308b04e8766f2693e
  FirebaseAuthInterop: 0ffa57668be100582bb7643d4fcb7615496c41fc
  FirebaseCore: bcd6c112429249d7921e907d661e8955a3549e26
  FirebaseCoreDiagnostics: af29e43048607588c050889d19204f4d7b758c9f
  FirebaseCoreDiagnosticsInterop: e9b1b023157e3a2fc6418b5cb601e79b9af7b3a0
  FirebaseDatabase: 963515d232ded06f36f6ce830507c94551866170
  FirebaseInAppMessaging: acbfa8c5582b11ccc0366511d29ef1d288f302fc
  FirebaseInAppMessagingDisplay: 60a65c8277f17675a8a5b92e9a97cd914b45d4ff
  FirebaseInstanceID: ebd2ea79ee38db0cb5f5167b17a0d387e1cc7b6e
  FirebaseMessaging: de30f83a372a390be6f2ba44ec43a45b7ccdb43f
  GoogleAppMeasurement: 037f46d1d8ae8b312720f1042585ab961a1289e3
  GoogleDataTransport: 166f9b9f82cbf60a204e8fe2daa9db3e3ec1fb15
  GoogleDataTransportCCTSupport: f6ab1962e9dc05ab1fb938b795e5b310209edeec
  GoogleUtilities: f895fde57977df4e0233edda0dbeac490e3703b6
  GTMSessionFetcher: 43b8b64263023d4f32caa0b40f4c8bfa3c5f36d8
  IdentityImg: 4c81857fc8a80294e6c480b4f72cb3e22cd360c2
  InfiniteCollectionView: 49a7639a04c7cb21164de3840245f084fda257d0
  Intercom: b168156c4eb1b51352974cdfa47d4f3241a3df8b
  IQKeyboardManagerSwift: 0fb93310284665245591f50f7a5e38de615960b7
  KeychainAccess: 3b1bf8a77eb4c6ea1ce9404c292e48f948954c6b
  Kingfisher: c7d211b54f1f30d8060aadab177d52b4349c825b
  Koloda: 75302d21882cc3e274c1561b1155805ea5919dab
  leveldb-library: 55d93ee664b4007aac644a782d11da33fba316f7
  MGSwipeTableCell: dc4eca3212ed38a563b27d6aa7b3c01ce656c1e2
  Moya: f4a4b80ff2f8a4ffc208dfb31cd91636622fee6e
  nanopb: 18003b5e52dab79db540fe93fe9579f399bd1ccd
  pop: d582054913807fd11fd50bfe6a539d91c7e1a55a
  Protobuf: a4dc852ad69c027ca2166ed287b856697814375b
  QRCode: f98a1886c8f37523704a7512a4c0cd45b34c18a4
  QRCodeReader.swift: 96292a5612fbc2fd9a0b26f93fa5164c8d02f59d
  ReachabilitySwift: 4032e2f59586e11e3b0ebe15b167abdd587a388b
  Realm: c204f1a890f07dea43b14132a6aad118c054b8f2
  RealmSwift: 4d3c9233544b9cd08a8913e0872b9038eb99b054
  RESideMenu: 4003aa053ff48d4152d464e512f1844aa82e807c
  Result: bd966fac789cc6c1563440b348ab2598cc24d5c7
  Reveal-SDK: 43206a57f575632fd304e85385cc259b5d359e32
  RxCocoa: cbf70265dc65a981d4ac982e513c10cf23df24a0
  RxFeedback: 49bb931caf6d05e315d5b5366c0991ad1474ea36
  RxGesture: c1b7bf17166b0ef9d642a9510f8bac5785f18990
  RxOptional: 80426a0ddbd092573e4c482d8cc13302078c4d5e
  RxReachability: 053f2d913db44998242ade488ccaef558f3ce7cb
  RxRealm: 5379eddd74f8d617ca7681d1f8d144af25b432b0
  RxSwift: f172070dfd1a93d70a9ab97a5a01166206e1c575
  RxSwiftExt: 01f8ecbeeb355698e9c75365ebe908b00dacf45d
  Sentry: 26650184fe71eb7476dfd2737acb5ea6cc64b4b1
  Skeleton: 4b11a4aa6fb289626aa7e486f0b16b9b394d0ba4
  SwiftGen: 4379bd3640b0a212a0f6ea3c494adba385513d10
  SwiftLint: 55e96a4a4d537d4a3156859fc1c54bd24851a046
  SwiftMonkey: aea6f2707a4b7ab5277b4d2fd2f0723a083997b1
  SwiftMonkeyPaws: 655524bb402df5ac2be836f9f604aca1068fbde6
  SwipeView: bd67cfaf7760c036438446b3ccb28a3b84fce009
  TPKeyboardAvoiding: cb69d5ddbe90ce0170e4bc2db1e5e41d4a3ad9a4
  TTTAttributedLabel: 8cffe8e127e4e82ff3af1e5386d4cd0ad000b656
  "UITextView+Placeholder": 0c3efd97f37ea64bde7f34cc6e90fe02e87b3909
  UPCarouselFlowLayout: 4c7d2c43a10ebb1597bde502a53699d378341dad

PODFILE CHECKSUM: 8a96eda6a708e8feaf54e6ffe999bbf9e196e9b7

COCOAPODS: 1.8.1
