PODS:
  - Alamofire (4.8.1)
  - Amplitude-iOS (4.6.0)
  - AppsFlyerFramework (4.9.0)
  - AppSpectorSDK (1.1.7)
  - Base58 (0.2)
  - Blake2 (0.1)
  - Charts (3.2.2):
    - Charts/Core (= 3.2.2)
  - Charts/Core (3.2.2)
  - Crashlytics (3.12.0):
    - Fabric (~> 1.9.0)
  - CryptoSwift (0.15.0)
  - CSV.swift (2.3.1)
  - Curve25519 (2.0.3)
  - DeviceKit (1.12.0)
  - Fabric (1.9.0)
  - Firebase/Auth (5.20.2):
    - Firebase/CoreOnly
    - FirebaseAuth (= 5.4.2)
  - Firebase/Core (5.20.2):
    - Firebase/CoreOnly
    - FirebaseAnalytics (= 5.8.1)
  - Firebase/CoreOnly (5.20.2):
    - FirebaseCore (= 5.4.1)
  - Firebase/Database (5.20.2):
    - Firebase/CoreOnly
    - FirebaseDatabase (= 5.1.1)
  - Firebase/InAppMessagingDisplay (5.20.2):
    - Firebase/CoreOnly
    - FirebaseInAppMessagingDisplay (= 0.13.1)
  - FirebaseAnalytics (5.8.1):
    - FirebaseCore (~> 5.4)
    - FirebaseInstanceID (~> 3.8)
    - GoogleAppMeasurement (= 5.8.1)
    - GoogleUtilities/AppDelegateSwizzler (~> 5.2)
    - GoogleUtilities/MethodSwizzler (~> 5.2)
    - GoogleUtilities/Network (~> 5.2)
    - "GoogleUtilities/NSData+zlib (~> 5.2)"
    - nanopb (~> 0.3)
  - FirebaseAnalyticsInterop (1.2.0)
  - FirebaseAuth (5.4.2):
    - FirebaseAuthInterop (~> 1.0)
    - FirebaseCore (~> 5.2)
    - GoogleUtilities/Environment (~> 5.2)
    - GTMSessionFetcher/Core (~> 1.1)
  - FirebaseAuthInterop (1.0.0)
  - FirebaseCore (5.4.1):
    - GoogleUtilities/Environment (~> 5.2)
    - GoogleUtilities/Logger (~> 5.2)
  - FirebaseDatabase (5.1.1):
    - FirebaseAuthInterop (~> 1.0)
    - FirebaseCore (~> 5.2)
    - leveldb-library (~> 1.18)
  - FirebaseInAppMessaging (0.13.0):
    - FirebaseAnalytics
    - FirebaseAnalyticsInterop
    - FirebaseCore
    - FirebaseInstanceID
  - FirebaseInAppMessagingDisplay (0.13.1):
    - FirebaseCore
    - FirebaseInAppMessaging (>= 0.12.0)
  - FirebaseInstanceID (3.8.1):
    - FirebaseCore (~> 5.2)
    - GoogleUtilities/Environment (~> 5.2)
    - GoogleUtilities/UserDefaults (~> 5.2)
  - GoogleAppMeasurement (5.8.1):
    - GoogleUtilities/AppDelegateSwizzler (~> 5.2)
    - GoogleUtilities/MethodSwizzler (~> 5.2)
    - GoogleUtilities/Network (~> 5.2)
    - "GoogleUtilities/NSData+zlib (~> 5.2)"
    - nanopb (~> 0.3)
  - GoogleUtilities/AppDelegateSwizzler (5.7.0):
    - GoogleUtilities/Environment
    - GoogleUtilities/Logger
    - GoogleUtilities/Network
  - GoogleUtilities/Environment (5.7.0)
  - GoogleUtilities/Logger (5.7.0):
    - GoogleUtilities/Environment
  - GoogleUtilities/MethodSwizzler (5.7.0):
    - GoogleUtilities/Logger
  - GoogleUtilities/Network (5.7.0):
    - GoogleUtilities/Logger
    - "GoogleUtilities/NSData+zlib"
    - GoogleUtilities/Reachability
  - "GoogleUtilities/NSData+zlib (5.7.0)"
  - GoogleUtilities/Reachability (5.7.0):
    - GoogleUtilities/Logger
  - GoogleUtilities/UserDefaults (5.7.0):
    - GoogleUtilities/Logger
  - GTMSessionFetcher/Core (1.2.1)
  - IdentityImg (0.1)
  - InfiniteCollectionView (1.3.2)
  - IQKeyboardManagerSwift (6.2.0)
  - Keccak (0.1)
  - KeychainAccess (3.1.2)
  - Kingfisher (5.3.0)
  - Koloda (4.7):
    - pop (~> 1.0)
  - leveldb-library (1.20)
  - MGSwipeTableCell (1.6.8)
  - Moya/Core (12.0.1):
    - Alamofire (~> 4.1)
    - Result (~> 4.0)
  - Moya/RxSwift (12.0.1):
    - Moya/Core
    - RxSwift (~> 4.0)
  - nanopb (0.3.901):
    - nanopb/decode (= 0.3.901)
    - nanopb/encode (= 0.3.901)
  - nanopb/decode (0.3.901)
  - nanopb/encode (0.3.901)
  - pop (1.0.12)
  - QRCode (2.0)
  - QRCodeReader.swift (9.0.1)
  - ReachabilitySwift (4.3.0)
  - Realm (3.13.1):
    - Realm/Headers (= 3.13.1)
  - Realm/Headers (3.13.1)
  - RealmSwift (3.13.1):
    - Realm (= 3.13.1)
  - RESideMenu (4.0.7)
  - Result (4.1.0)
  - Reveal-SDK (21)
  - RxAlamofire (4.3.0):
    - RxAlamofire/Core (= 4.3.0)
  - RxAlamofire/Core (4.3.0):
    - Alamofire (~> 4.5)
    - RxSwift (~> 4)
  - RxAtomic (4.4.2)
  - RxCocoa (4.4.2):
    - RxSwift (>= 4.4.2, ~> 4.4)
  - RxFeedback (2.0.0):
    - RxCocoa (~> 4.4)
    - RxSwift (~> 4.4)
  - RxGesture (2.1.0):
    - RxCocoa (~> 4.4.0)
    - RxSwift (~> 4.4.0)
  - RxOptional (3.6.2):
    - RxCocoa (~> 4.0)
    - RxSwift (~> 4.0)
  - RxReachability (0.1.8):
    - ReachabilitySwift (~> 4.3.0)
    - RxCocoa (~> 4)
    - RxSwift (~> 4)
  - RxRealm (0.7.6):
    - RealmSwift (~> 3.0)
    - RxSwift (~> 4.0)
  - RxSwift (4.4.2):
    - RxAtomic (>= 4.4.2, ~> 4.4)
  - RxSwiftExt (3.4.0):
    - RxSwiftExt/Core (= 3.4.0)
    - RxSwiftExt/RxCocoa (= 3.4.0)
  - RxSwiftExt/Core (3.4.0):
    - RxSwift (~> 4.0)
  - RxSwiftExt/RxCocoa (3.4.0):
    - RxCocoa (~> 4.0)
    - RxSwiftExt/Core
  - Sentry (4.3.1):
    - Sentry/Core (= 4.3.1)
  - Sentry/Core (4.3.1)
  - Skeleton (0.3.1)
  - SwiftDate (5.1.0)
  - SwiftGen (5.3.0)
  - SwiftMonkey (2.1.1)
  - SwiftMonkeyPaws (2.1.1)
  - SwipeView (1.3.2)
  - TPKeyboardAvoiding (1.3.2)
  - TTTAttributedLabel (2.0.0)
  - "UITextView+Placeholder (1.2.1)"
  - UPCarouselFlowLayout (1.1.2)

DEPENDENCIES:
  - Amplitude-iOS
  - AppsFlyerFramework
  - AppSpectorSDK
  - Base58 (from `https://github.com/wavesplatform/Base58.git`)
  - Blake2 (from `https://github.com/wavesplatform/Blake2.git`)
  - Charts
  - Crashlytics
  - CryptoSwift
  - CSV.swift
  - Curve25519 (from `https://github.com/wavesplatform/Curve25519.git`)
  - DeviceKit (~> 1.3)
  - Fabric
  - Firebase/Auth
  - Firebase/Core
  - Firebase/Database
  - Firebase/InAppMessagingDisplay
  - IdentityImg (from `https://github.com/wavesplatform/identity-img-swift.git`)
  - InfiniteCollectionView (from `https://github.com/wavesplatform/InfiniteCollectionView.git`, branch `swift5`)
  - IQKeyboardManagerSwift
  - Keccak (from `https://github.com/wavesplatform/Keccak.git`)
  - KeychainAccess
  - Kingfisher
  - Koloda
  - MGSwipeTableCell
  - Moya/RxSwift
  - QRCode
  - QRCodeReader.swift (~> 9.0.1)
  - RealmSwift
  - RESideMenu (from `https://github.com/wavesplatform/RESideMenu.git`)
  - Reveal-SDK
  - RxAlamofire
  - RxCocoa
  - RxFeedback
  - RxGesture
  - RxOptional
  - RxReachability
  - RxRealm
  - RxSwift
  - RxSwiftExt
  - Sentry (from `https://github.com/getsentry/sentry-cocoa.git`)
  - Skeleton
  - SwiftDate
  - SwiftGen (~> 5.3.0)
  - SwiftMonkey
  - SwiftMonkeyPaws
  - SwipeView
  - TPKeyboardAvoiding
  - TTTAttributedLabel
  - "UITextView+Placeholder"
  - UPCarouselFlowLayout

SPEC REPOS:
  https://github.com/cocoapods/specs.git:
    - Alamofire
    - Amplitude-iOS
    - AppsFlyerFramework
    - AppSpectorSDK
    - Charts
    - Crashlytics
    - CryptoSwift
    - CSV.swift
    - DeviceKit
    - Fabric
    - Firebase
    - FirebaseAnalytics
    - FirebaseAnalyticsInterop
    - FirebaseAuth
    - FirebaseAuthInterop
    - FirebaseCore
    - FirebaseDatabase
    - FirebaseInAppMessaging
    - FirebaseInAppMessagingDisplay
    - FirebaseInstanceID
    - GoogleAppMeasurement
    - GoogleUtilities
    - GTMSessionFetcher
    - IQKeyboardManagerSwift
    - KeychainAccess
    - Kingfisher
    - Koloda
    - leveldb-library
    - MGSwipeTableCell
    - Moya
    - nanopb
    - pop
    - QRCode
    - QRCodeReader.swift
    - ReachabilitySwift
    - Realm
    - RealmSwift
    - Result
    - Reveal-SDK
    - RxAlamofire
    - RxAtomic
    - RxCocoa
    - RxFeedback
    - RxGesture
    - RxOptional
    - RxReachability
    - RxRealm
    - RxSwift
    - RxSwiftExt
    - Skeleton
    - SwiftDate
    - SwiftGen
    - SwiftMonkey
    - SwiftMonkeyPaws
    - SwipeView
    - TPKeyboardAvoiding
    - TTTAttributedLabel
    - "UITextView+Placeholder"
    - UPCarouselFlowLayout

EXTERNAL SOURCES:
  Base58:
    :git: https://github.com/wavesplatform/Base58.git
  Blake2:
    :git: https://github.com/wavesplatform/Blake2.git
  Curve25519:
    :git: https://github.com/wavesplatform/Curve25519.git
  IdentityImg:
    :git: https://github.com/wavesplatform/identity-img-swift.git
  InfiniteCollectionView:
    :branch: swift5
    :git: https://github.com/wavesplatform/InfiniteCollectionView.git
  Keccak:
    :git: https://github.com/wavesplatform/Keccak.git
  RESideMenu:
    :git: https://github.com/wavesplatform/RESideMenu.git
  Sentry:
    :git: https://github.com/getsentry/sentry-cocoa.git

CHECKOUT OPTIONS:
  Base58:
    :commit: caf9297d5667ab575a79c25671a470c1da48267c
    :git: https://github.com/wavesplatform/Base58.git
  Blake2:
    :commit: 7a95d2703487a487ff65e4fc0d9a4c41162952be
    :git: https://github.com/wavesplatform/Blake2.git
  Curve25519:
    :commit: 301c37b15b7c63ed20bd9a1419893ac080a5146c
    :git: https://github.com/wavesplatform/Curve25519.git
  IdentityImg:
    :commit: d44a40a2334c9cb7c0a76d6dde36fd8cc9266e28
    :git: https://github.com/wavesplatform/identity-img-swift.git
  InfiniteCollectionView:
    :commit: 0ea9140787e243a76b511ffc04c62e623262ef31
    :git: https://github.com/wavesplatform/InfiniteCollectionView.git
  Keccak:
    :commit: b67ef7767ff598ddcff6d468f7772b3fc6b65810
    :git: https://github.com/wavesplatform/Keccak.git
  RESideMenu:
    :commit: c4870be8caf988b3c164bbf5675a717a905e9952
    :git: https://github.com/wavesplatform/RESideMenu.git
  Sentry:
    :commit: 9b7da88b3c6454d1b07e8a0a1f627b4b495264ae
    :git: https://github.com/getsentry/sentry-cocoa.git

SPEC CHECKSUMS:
  Alamofire: 16ce2c353fb72865124ddae8a57c5942388f4f11
  Amplitude-iOS: ac1715ae68104b7a51723209ad574f60ab22ae5f
  AppsFlyerFramework: f57e5d590ad3124d3e594a76032a181bc91ec6cd
  AppSpectorSDK: e819dafad1a7137e0af68076effeccb77318ed5a
  Base58: a8409491c6f89c3b86a9b447d4302b1a4e03e2a2
  Blake2: b29e27d1cc9ae2a8073a96990321e0c1a8fb5e8b
  Charts: f69cf0518b6d1d62608ca504248f1bbe0b6ae77e
  Crashlytics: 07fb167b1694128c1c9a5a5cc319b0e9c3ca0933
  CryptoSwift: 769f58a9e89f64e8796c2e59ce5f002dc81a2438
  CSV.swift: d16f671b3090a2c0525d5f2165b18319074aae2b
  Curve25519: 260e0ef19be48c2f0b711e518fefeca0da3b3b19
  DeviceKit: f5dbd2e70cafd420d6a09379b8800cdf5fe92ba5
  Fabric: f988e33c97f08930a413e08123064d2e5f68d655
  Firebase: 0c8cf33f266410c61ab3e2265cfa412200351d9c
  FirebaseAnalytics: ece1aa57a4f43c64d53a648b5a5e05151aae947b
  FirebaseAnalyticsInterop: efbe45c8385ec626e29f9525e5ebd38520dfb6c1
  FirebaseAuth: dd7bbf03a5aee0eafb3a1aee4d2812bd74bac890
  FirebaseAuthInterop: 0ffa57668be100582bb7643d4fcb7615496c41fc
  FirebaseCore: f1a9a8be1aee4bf71a2fc0f4096df6788bdfda61
  FirebaseDatabase: 2c15b0ea6f2c6eb5e57413f9d6340f1e50b81ae3
  FirebaseInAppMessaging: 25e8c4408829928b6727fb461e0aef6a43111467
  FirebaseInAppMessagingDisplay: 72f67cfe9711c9bf6d6768a1c538299ea2043042
  FirebaseInstanceID: a122b0c258720cf250551bb2bedf48c699f80d90
  GoogleAppMeasurement: ffe513e90551844a739e7bcbb1d2aca1c28a4338
  GoogleUtilities: 273e67030e0de313e7304f6dcfa96fc5214f6c23
  GTMSessionFetcher: 32aeca0aa144acea523e1c8e053089dec2cb98ca
  IdentityImg: ada114256228c58b82b9eadfe30863aa5908e74f
  InfiniteCollectionView: 49a7639a04c7cb21164de3840245f084fda257d0
  IQKeyboardManagerSwift: b07ccf9d8cafe993dcd6cb794eb4ba34611a0c4e
  Keccak: 99956a01b86eeac74e4debdac71a8c9ef33fb46d
  KeychainAccess: b3816fddcf28aa29d94b10ec305cd52be14c472b
  Kingfisher: 4692c783ffb99e9e2e40a6eb3e518c3b96c6fa8c
  Koloda: f456d003d2ce15ef9f10c2874a444f1f570b490c
  leveldb-library: 08cba283675b7ed2d99629a4bc5fd052cd2bb6a5
  MGSwipeTableCell: dc4eca3212ed38a563b27d6aa7b3c01ce656c1e2
  Moya: cf730b3cd9e005401ef37a85143aa141a12fd38f
  nanopb: 2901f78ea1b7b4015c860c2fdd1ea2fee1a18d48
  pop: d582054913807fd11fd50bfe6a539d91c7e1a55a
  QRCode: f98a1886c8f37523704a7512a4c0cd45b34c18a4
  QRCodeReader.swift: 96292a5612fbc2fd9a0b26f93fa5164c8d02f59d
  ReachabilitySwift: 408477d1b6ed9779dba301953171e017c31241f3
  Realm: 50071da38fe079e0735e47c9f2eae738c68c5996
  RealmSwift: 8a1e6a02b7a08cd17a31e3115143fb69fe5f3fb9
  RESideMenu: 4003aa053ff48d4152d464e512f1844aa82e807c
  Result: bd966fac789cc6c1563440b348ab2598cc24d5c7
  Reveal-SDK: 3523e0eb7c562811c51bb71da6e523a6373702c8
  RxAlamofire: 09624d0f2d48ed8b686e4eb4cf68e28cbd2df556
  RxAtomic: d00e97c10db88c6f08540e0bf2752fc5a2404167
  RxCocoa: 477990dc3b4c3ff55fb0ac77e1cc06244e0aaec8
  RxFeedback: 49bb931caf6d05e315d5b5366c0991ad1474ea36
  RxGesture: 7f6dfb45dbde06e618c24442d38493e3144f2c95
  RxOptional: 80426a0ddbd092573e4c482d8cc13302078c4d5e
  RxReachability: 053f2d913db44998242ade488ccaef558f3ce7cb
  RxRealm: 5379eddd74f8d617ca7681d1f8d144af25b432b0
  RxSwift: 74c29b693c8e42b0f64400e8b06564575742d649
  RxSwiftExt: 01f8ecbeeb355698e9c75365ebe908b00dacf45d
  Sentry: 5267d493a398663538317e4dcc438c12c66202ed
  Skeleton: 4b11a4aa6fb289626aa7e486f0b16b9b394d0ba4
  SwiftDate: 6329e58969a2de31cea7f1ee1143b247693196e7
  SwiftGen: 4379bd3640b0a212a0f6ea3c494adba385513d10
  SwiftMonkey: aea6f2707a4b7ab5277b4d2fd2f0723a083997b1
  SwiftMonkeyPaws: 655524bb402df5ac2be836f9f604aca1068fbde6
  SwipeView: bd67cfaf7760c036438446b3ccb28a3b84fce009
  TPKeyboardAvoiding: cb69d5ddbe90ce0170e4bc2db1e5e41d4a3ad9a4
  TTTAttributedLabel: 8cffe8e127e4e82ff3af1e5386d4cd0ad000b656
  "UITextView+Placeholder": 0c3efd97f37ea64bde7f34cc6e90fe02e87b3909
  UPCarouselFlowLayout: 4c7d2c43a10ebb1597bde502a53699d378341dad

PODFILE CHECKSUM: cc71851e66a823973f741fd6ab56113fd41caeac

COCOAPODS: 1.6.1
