PODS:
  - 25519 (2.0.2)
  - Alamofire (4.7.2)
  - base58 (0.1)
  - blake2 (0.1)
  - Charts (3.1.1):
    - Charts/Core (= 3.1.1)
  - Charts/Core (3.1.1)
  - CSV.swift (2.2.1)
  - Differentiator (3.0.2)
  - Gloss (2.0.0-beta.1)
  - InfiniteCollectionView (1.3.1)
  - IQKeyboardManagerSwift (6.0.4)
  - keccak (0.1)
  - KeychainAccess (3.1.1)
  - Kingfisher (4.8.0)
  - Koloda (4.3.1):
    - pop (~> 1.0)
  - MBProgressHUD (1.0.0)
  - MGSwipeTableCell (1.6.7)
  - Moya/Core (11.0.2):
    - Alamofire (~> 4.1)
    - Result (~> 3.0)
  - Moya/RxSwift (11.0.2):
    - Moya/Core
    - RxSwift (~> 4.0)
  - pop (1.0.10)
  - QRCode (2.0)
  - QRCodeReader.swift (8.2.0)
  - RDVTabBarController (1.1.9)
  - Realm (3.7.4):
    - Realm/Headers (= 3.7.4)
  - Realm/Headers (3.7.4)
  - RealmSwift (3.7.4):
    - Realm (= 3.7.4)
  - RESideMenu (4.0.7)
  - Result (3.2.4)
  - Reveal-SDK (17)
  - RxAlamofire (4.2.0):
    - RxAlamofire/Core (= 4.2.0)
  - RxAlamofire/Core (4.2.0):
    - Alamofire (~> 4.5)
    - RxSwift (~> 4)
  - RxCocoa (4.2.0):
    - RxSwift (~> 4.0)
  - RxDataSources (3.0.2):
    - Differentiator (~> 3.0)
    - RxCocoa (~> 4.0)
    - RxSwift (~> 4.0)
  - RxFeedback (1.0.3):
    - RxCocoa (~> 4.0)
    - RxSwift (~> 4.0)
  - RxGesture (1.2.1):
    - RxCocoa (~> 4.0)
    - RxSwift (~> 4.0)
  - RxRealm (0.7.5):
    - RealmSwift (~> 3.0)
    - RxSwift (~> 4.0)
  - RxSwift (4.2.0)
  - RxSwiftExt (3.2.0):
    - RxSwiftExt/Core (= 3.2.0)
  - RxSwiftExt/Core (3.2.0):
    - RxSwift (~> 4.0)
  - Skeleton (0.2.2)
  - SVProgressHUD (2.2.5)
  - SwiftGen (5.3.0)
  - SwiftyJSON (4.1.0)
  - SwipeView (1.3.2)
  - TPKeyboardAvoiding (1.3.2)
  - TTTAttributedLabel (2.0.0)
  - "UILabel+Copyable (1.0.1)"
  - "UITextView+Placeholder (1.2.1)"
  - UPCarouselFlowLayout (1.1.1)

DEPENDENCIES:
  - "25519 (from `git@github.com:wavesplatform/25519.git`)"
  - base58 (from `Vendors/Base58`)
  - blake2 (from `Vendors/Blake2`)
  - Charts
  - CSV.swift
  - Gloss (= 2.0.0-beta.1)
  - "InfiniteCollectionView (from `git@github.com:wavesplatform/InfiniteCollectionView.git`)"
  - IQKeyboardManagerSwift
  - keccak (from `Vendors/Keccak`)
  - KeychainAccess
  - Kingfisher
  - Koloda
  - MBProgressHUD (~> 1.0.0)
  - MGSwipeTableCell
  - Moya/RxSwift
  - QRCode
  - QRCodeReader.swift
  - RDVTabBarController
  - RealmSwift
  - RESideMenu (from `https://github.com/florianbuerger/RESideMenu.git`)
  - Reveal-SDK
  - RxAlamofire
  - RxCocoa
  - RxDataSources
  - RxFeedback
  - RxGesture
  - RxRealm
  - RxSwift
  - RxSwiftExt
  - Skeleton
  - SVProgressHUD
  - SwiftGen
  - SwiftyJSON
  - SwipeView
  - TPKeyboardAvoiding
  - TTTAttributedLabel
  - "UILabel+Copyable (~> 1.0.0)"
  - "UITextView+Placeholder"
  - UPCarouselFlowLayout

SPEC REPOS:
  https://github.com/cocoapods/specs.git:
    - Alamofire
    - Charts
    - CSV.swift
    - Differentiator
    - Gloss
    - IQKeyboardManagerSwift
    - KeychainAccess
    - Kingfisher
    - Koloda
    - MBProgressHUD
    - MGSwipeTableCell
    - Moya
    - pop
    - QRCode
    - QRCodeReader.swift
    - RDVTabBarController
    - Realm
    - RealmSwift
    - Result
    - Reveal-SDK
    - RxAlamofire
    - RxCocoa
    - RxDataSources
    - RxFeedback
    - RxGesture
    - RxRealm
    - RxSwift
    - RxSwiftExt
    - Skeleton
    - SVProgressHUD
    - SwiftGen
    - SwiftyJSON
    - SwipeView
    - TPKeyboardAvoiding
    - TTTAttributedLabel
    - "UILabel+Copyable"
    - "UITextView+Placeholder"
    - UPCarouselFlowLayout

EXTERNAL SOURCES:
  '25519':
    :git: "git@github.com:wavesplatform/25519.git"
  base58:
    :path: Vendors/Base58
  blake2:
    :path: Vendors/Blake2
  InfiniteCollectionView:
    :git: "git@github.com:wavesplatform/InfiniteCollectionView.git"
  keccak:
    :path: Vendors/Keccak
  RESideMenu:
    :git: https://github.com/florianbuerger/RESideMenu.git

CHECKOUT OPTIONS:
  '25519':
    :commit: b7eb7b9b951d0503669c991af371a27fdefa28ee
    :git: "git@github.com:wavesplatform/25519.git"
  InfiniteCollectionView:
    :commit: c5340ee0fb7f8e7e7cd93d28d8b477fd9aea7ca5
    :git: "git@github.com:wavesplatform/InfiniteCollectionView.git"
  RESideMenu:
    :commit: a5246a511cef009a60f07eabd68a41a1e19ce2a9
    :git: https://github.com/florianbuerger/RESideMenu.git

SPEC CHECKSUMS:
  '25519': 2c284bd04dc489ee6c3ad5f04339480a5bcae042
  Alamofire: e4fa87002c137ba2d8d634d2c51fabcda0d5c223
  base58: b3862511216d07dbb10ec85f08902f51b674462f
  blake2: b767add912ed9f7ded789bf257d3c6081ed10ec0
  Charts: 90a4d61da0f6e06684c591e3bcab11940fe61736
  CSV.swift: 5bf3338aff82371cb51cc6dc559d7b45a74bab14
  Differentiator: a87be69eba49ec4ab460c7671143ee3a9eececfd
  Gloss: 3224f4d6e345138475216855a32e880d9e03e6d2
  InfiniteCollectionView: 7f6a02482689c7aa34f87bc555b6daa94cb10f7a
  IQKeyboardManagerSwift: 36dbe324b4f9793f5f41ba5227f3e7c76dfefd50
  keccak: a73c028b7a5ec094d1c827398ae33618aa8cb19d
  KeychainAccess: 7bd430028059754a3debab3cfc0bd1fc7fb85df3
  Kingfisher: 976d828df2b24834c6a3f2fc4d82cdbd26552be1
  Koloda: 0d39b2aa188ccd1fac48d752acaf9802e683c625
  MBProgressHUD: 4890f671c94e8a0f3cf959aa731e9de2f036d71a
  MGSwipeTableCell: fb20e983988bde2b8d0df29c2d9e1d8ffd10b74a
  Moya: a725035953bc1c0eb1be505ab903984501d82440
  pop: 82ca6b068ce9278fd350fd9dd09482a0ce9492e6
  QRCode: f98a1886c8f37523704a7512a4c0cd45b34c18a4
  QRCodeReader.swift: 003eb32f18a5a675b936ec82ba0ff368cddbff45
  RDVTabBarController: 67794f7a7a37f8e32f046f85ac67d06ab92d624a
  Realm: a469bb59e33f9926102ccaea4349822c53b9117e
  RealmSwift: a45861b21c180f5cf0f122144b9759fa8dde3e9e
  RESideMenu: 4003aa053ff48d4152d464e512f1844aa82e807c
  Result: d2d07204ce72856f1fd9130bbe42c35a7b0fea10
  Reveal-SDK: a6df49f47319bd19a110c960c498af32df72c0af
  RxAlamofire: 87a9c588541210cc3e4a1f843ccc3ecf3eb98b31
  RxCocoa: 0b54909c902e1e581212a03e690bbd94032d8baa
  RxDataSources: cb7c31e652a87ebb919da45f716bbb87b3765f6b
  RxFeedback: 0b032eb82a4cf858b3b97fb8eb30a895f837fbda
  RxGesture: c278eb05b187abd47e11e65464ae4de53ab71d95
  RxRealm: a6c6c0a07cb61f34209969ca6657734edfdfff30
  RxSwift: 99e10317ddfcc7fbe01356aafd118fde4a0be104
  RxSwiftExt: 64b7140124629a6a084159735f3714f0fb1c61d6
  Skeleton: ad6bff17deb4c8a1e037140a37a817bd6dcade4c
  SVProgressHUD: 1428aafac632c1f86f62aa4243ec12008d7a51d6
  SwiftGen: 4379bd3640b0a212a0f6ea3c494adba385513d10
  SwiftyJSON: c29297daf073d2aa016295d5809cdd68045c39b3
  SwipeView: bd67cfaf7760c036438446b3ccb28a3b84fce009
  TPKeyboardAvoiding: cb69d5ddbe90ce0170e4bc2db1e5e41d4a3ad9a4
  TTTAttributedLabel: 8cffe8e127e4e82ff3af1e5386d4cd0ad000b656
  "UILabel+Copyable": 39749df0a0a7112db8091a2b15ac9140a64b45a8
  "UITextView+Placeholder": 0c3efd97f37ea64bde7f34cc6e90fe02e87b3909
  UPCarouselFlowLayout: 02045c1505d63057fba3d9975be880a8d16bf17d

PODFILE CHECKSUM: ef068a49342ffdf963c15c493d94c39191d3e7b3

COCOAPODS: 1.5.3
