{"storyboards":{"MainInterface.storyboard":"0303f1e8002012e01e5ed9258c9d6a0cc5bc3a59b29d1e5358f75d9295bd32601454d714fabadb8e5948644ab4a79891660cdb46e9d8ad9a8d8c367cfecc5701"},"assets":{"WidgetAssets.xcassets":{"Contents.json":"0a916e06a149c2ad1d6ee40ef7ccfbbc77fd677581ad0bc319969076c9f80f6193e61b71d873360cfd58deb78a724137a8cc64424aabe8d2e7849aefb302ec88"}},"strings":{"de.lproj/WavesMarketPulse.strings":"f406d7be86e88f34025e1e6b1aa21d6e89f3d7572f702d6d70ba509d5f0174074d4595eeb248e7d3d3901167da8854b765fb1622e7e185311dd9986bcab765fd","en.lproj/WavesMarketPulse.strings":"c3f76669380f18d65ecf95ea0c21eace963284a56c830f04294c1bf13c6c9974396c6f9cb3c85f3678d9d85fb785224c14aa4b2f5f306b05f33c1b8160825c56","es.lproj/WavesMarketPulse.strings":"377fe25fe3ed138ff54210fd8e04d9511be226456f6e01f766aca844ca7c880d891f427b0487c056ecedd6b6df22ef2b3831a02ffd64d4cbd177720f349b327b","fr-FR.lproj/WavesMarketPulse.strings":"96bdbae3f5ab8270536043eea388b6c2b7ebabfac18efcc7708f47da9959d351e2f6555ee747a9504a1a63c55ee531ba77e62e3daa0a6003dc02b3d1db721080","hi-IN.lproj/WavesMarketPulse.strings":"9157aba5da6390e075a4a49b15e1f5ed301c8721410df9873616ef02b40dc34c3492429fdde69a2e25d7f794acb675bdbb479cb54c4e495f5db8ce00307f5445","id.lproj/WavesMarketPulse.strings":"b107bc75a1944346def9dcd73748d7bcf8dfb86fc72ad48f718bbde1e7b23baccfa2caceca8e1112c0fbe61c342c34e4df1925df1cc76fab9bdaf7fb396db18d","it.lproj/WavesMarketPulse.strings":"088f038d4207b5b79f6bbba7df29b65ca42b99962ee659316751abe32f08d4e2dfb81bacea49a58cec1ccebe7689c6909202369a8b4c5e57f550e7bf89a2f3a4","ja.lproj/WavesMarketPulse.strings":"7ff4caa3e50aeb092b31be0feccbe0e67f48dec2e381bc02fc89e63f0b9905af64b3634b996096805c675d60c65b87ad068275b2f0bec3e09c4a121e774a4903","ko.lproj/WavesMarketPulse.strings":"002c654037747a792498512d08f068fb0c39eebd81694131c7307575c09c84ef91a7110e04088c44acc99355d81c55da9e92bd528761f12659519484a69076a2","nl-NL.lproj/WavesMarketPulse.strings":"c3f76669380f18d65ecf95ea0c21eace963284a56c830f04294c1bf13c6c9974396c6f9cb3c85f3678d9d85fb785224c14aa4b2f5f306b05f33c1b8160825c56","pl.lproj/WavesMarketPulce.strings":"c3f76669380f18d65ecf95ea0c21eace963284a56c830f04294c1bf13c6c9974396c6f9cb3c85f3678d9d85fb785224c14aa4b2f5f306b05f33c1b8160825c56","pl.lproj/WavesMarketPulse.strings":"933048554b10fce8baf26a95754ea918216b7e76795dd43c530e347e1742c707c4a8f974e390a2572f79930b1d81a8dd5bd5fee2757df8350890b4b1481babc2","pt-BR.lproj/WavesMarketPulse.strings":"9df22a6f83a0c10075b78407e0bf9158b08da7e8c4b3db1921ce16ec4a090a557716354040203e0b2ff9af57a6ca7bb4b29a66b741e66444ad8d5bd9f5413053","pt-PT.lproj/WavesMarketPulse.strings":"9df22a6f83a0c10075b78407e0bf9158b08da7e8c4b3db1921ce16ec4a090a557716354040203e0b2ff9af57a6ca7bb4b29a66b741e66444ad8d5bd9f5413053","ru.lproj/WavesMarketPulse.strings":"342d9e168c73d2bc10b1c50d90e5fc1b4db94cdd11c84295edcfa9cc2014f06e899df83646f5597989f165ee8058456bfcfeee4a14f66b6986e3ab4096229a94","tr.lproj/WavesMarketPulse.strings":"78110048feb4257f8c32ca6cdf8dc72101a1cd6a40c7076b2dff63245e6dbe6a624cce124cf1dce98aca7efe11a61743c8ece2d18f2de3f6a0d88fa5067faae6","zh-Hans-CN.lproj/WavesMarketPulse.strings":"7ff4caa3e50aeb092b31be0feccbe0e67f48dec2e381bc02fc89e63f0b9905af64b3634b996096805c675d60c65b87ad068275b2f0bec3e09c4a121e774a4903"}}