{"storyboards":{"/Users/rprokofev/Works/Waves/waveswallet-ios_dex/MarketPulseWidget/Base.lproj/MainInterface.storyboard":"384d956614f5dee9d10faaa48034a08f07684511e195f7f0c954dbda3381fc777536262fb863023b05f9c251ee365dc78785dd3a6002a8ce8bc57510793e99b4"},"assets":{"/Users/rprokofev/Works/Waves/waveswallet-ios_dex/MarketPulseWidget/Resources/WidgetAssets.xcassets":{"/Users/rprokofev/Works/Waves/waveswallet-ios_dex/MarketPulseWidget/Resources/WidgetAssets.xcassets/Contents.json":"30a88ca0637f5bfdae1f46376d9520ec98362ed6de7cb2d940cbb0ba8165b5de313f759482cf48f227663abc5d9800aca7c2af64e8b3d7616c9aba7f3460bba8","/Users/rprokofev/Works/Waves/waveswallet-ios_dex/MarketPulseWidget/Resources/WidgetAssets.xcassets/logoBitcoin48.imageset/Contents.json":"d62c20e68e31b925927375fb10f2cb9d4a2103dbdc0d3343a94be545cd633b989e68d351e1043d4af84411c26d71177e8ca2b7ccc8af5ad20a3664616295f69b","/Users/rprokofev/Works/Waves/waveswallet-ios_dex/MarketPulseWidget/Resources/WidgetAssets.xcassets/logoBitcoincash48.imageset/Contents.json":"17e8d6a58e0bd482db54612a6fba2aa8880c20776da0bfaaff2ee7ec4ac4cff623f58e961632a0111eb05897a8d7479d402efaae630ada6781424b768d9d39da","/Users/rprokofev/Works/Waves/waveswallet-ios_dex/MarketPulseWidget/Resources/WidgetAssets.xcassets/logoDash48.imageset/Contents.json":"d1a7a34a595af630eecc5a03beac22453c4aed9a82b8deadbd415aad424753c3704377dd23c6f5192bf25e6398409d87116cd84ac90eb0f932ccd39ed691e959","/Users/rprokofev/Works/Waves/waveswallet-ios_dex/MarketPulseWidget/Resources/WidgetAssets.xcassets/logoEthereum48.imageset/Contents.json":"100e2084c8ac32f9c3097ee6d144a5ce1d098135ae33aff8caf139310a006a83a65d6619129228c9dcd540992cecb0d3ff57906a4025925627a52f32902eeda7","/Users/rprokofev/Works/Waves/waveswallet-ios_dex/MarketPulseWidget/Resources/WidgetAssets.xcassets/logoEuro48.imageset/Contents.json":"f20ae566501e180d6384ed03e7e8ac623e9222caca389cf676da749675b12e0c14c5b9c83e91bccd7ea19847f0a043ed76e7a0d6400963accff383d6f7dde739","/Users/rprokofev/Works/Waves/waveswallet-ios_dex/MarketPulseWidget/Resources/WidgetAssets.xcassets/logoLira48.imageset/Contents.json":"51b3ffdc1d9c45bb546eb9328778c01988ca18f9cfc40444068e5f2124f25f7032e7439e7ca3cdfd4a52429f549710a8e778be95129deeb2801f248184096e6e","/Users/rprokofev/Works/Waves/waveswallet-ios_dex/MarketPulseWidget/Resources/WidgetAssets.xcassets/logoLtc48.imageset/Contents.json":"30d479022b33745f064d99bc97c93caa93feafb1e2dbc4d5c1d687adc7a98a1f69f2471261c8034d06520c7bc15d72320167eae5f66262577ced00fdf3e8795d","/Users/rprokofev/Works/Waves/waveswallet-ios_dex/MarketPulseWidget/Resources/WidgetAssets.xcassets/logoMonero48.imageset/Contents.json":"348920d52fbc8878ac750abe031e5bbd98e13de82c515feec9b7604713972cae7df8594dfaf30bc76c914d5e62942a2cea8d1f26ff8d7bb4be94e1e26d680245","/Users/rprokofev/Works/Waves/waveswallet-ios_dex/MarketPulseWidget/Resources/WidgetAssets.xcassets/logoUsd48.imageset/Contents.json":"4c5c17e6d7e1a3bb348d6288f6150aa4f88cf04fd72c0c8b75e2ca282281ae3e3d6107464790d44112ea5e3ba31517623066a37a0f622fb2cbf12f1c28290d1c","/Users/rprokofev/Works/Waves/waveswallet-ios_dex/MarketPulseWidget/Resources/WidgetAssets.xcassets/logoWaves48.imageset/Contents.json":"090966951bb363ff97afe48112cf30a2e677f179b585e73f9f576e95c9b8f213a569abb49219d25986d0949543d6a926629e1537fa11b09e9b5ac9ae8c4b3772","/Users/rprokofev/Works/Waves/waveswallet-ios_dex/MarketPulseWidget/Resources/WidgetAssets.xcassets/logoWct48.imageset/Contents.json":"900e0bdbf00ab18ad38c4c3fd9c18ba076be77312cb96f64c7ef073bf965ac110ea15ffc0930825999f56b47698d217bb571ddbcd7d8585af4f58d51de2f95fa","/Users/rprokofev/Works/Waves/waveswallet-ios_dex/MarketPulseWidget/Resources/WidgetAssets.xcassets/logoZec48.imageset/Contents.json":"38296beb829d96c660d4ec2fa864746ae6c257043e9d40fb340bfd912aee4d729b005a94f5b78d87e069ab5db93b890965c4c8b8f8018fb43165197878d32709","/Users/rprokofev/Works/Waves/waveswallet-ios_dex/MarketPulseWidget/Resources/WidgetAssets.xcassets/scriptasset18White.imageset/Contents.json":"69b25608ad8121fc3710b798f499b482f9f2830e5eec43edd36bdd66ae3400e3966f817055b1f084920433b19cb928e9375fa6c64c81e6c7b56bb5e6e11a5a78","/Users/rprokofev/Works/Waves/waveswallet-ios_dex/MarketPulseWidget/Resources/WidgetAssets.xcassets/setting14Classic.imageset/Contents.json":"15812de206a19cfb0f150095b0fee070f5366663bef509f0011c61d3f8e32782540232f2024c26a8d123c5741e233e5516acb7dd0b2fa03d40007c8e208b46ff","/Users/rprokofev/Works/Waves/waveswallet-ios_dex/MarketPulseWidget/Resources/WidgetAssets.xcassets/sponsoritem18White.imageset/Contents.json":"136a3507c0ddc3e396053c0de8fa93ef995a21ba030cb4f9a73862960131b397387a1f467b1cb72c1857b2dcbbb323d9839e11014c842f44402c4e00c31c8f50","/Users/rprokofev/Works/Waves/waveswallet-ios_dex/MarketPulseWidget/Resources/WidgetAssets.xcassets/update14Classic.imageset/Contents.json":"0a916e06a149c2ad1d6ee40ef7ccfbbc77fd677581ad0bc319969076c9f80f6193e61b71d873360cfd58deb78a724137a8cc64424aabe8d2e7849aefb302ec88"}},"strings":{"/Users/rprokofev/Works/Waves/waveswallet-ios_dex/MarketPulseWidget/Resources/Localization/de.lproj/WavesMarketPulse.strings":"f406d7be86e88f34025e1e6b1aa21d6e89f3d7572f702d6d70ba509d5f0174074d4595eeb248e7d3d3901167da8854b765fb1622e7e185311dd9986bcab765fd","/Users/rprokofev/Works/Waves/waveswallet-ios_dex/MarketPulseWidget/Resources/Localization/en.lproj/WavesMarketPulse.strings":"c3f76669380f18d65ecf95ea0c21eace963284a56c830f04294c1bf13c6c9974396c6f9cb3c85f3678d9d85fb785224c14aa4b2f5f306b05f33c1b8160825c56","/Users/rprokofev/Works/Waves/waveswallet-ios_dex/MarketPulseWidget/Resources/Localization/es.lproj/WavesMarketPulse.strings":"377fe25fe3ed138ff54210fd8e04d9511be226456f6e01f766aca844ca7c880d891f427b0487c056ecedd6b6df22ef2b3831a02ffd64d4cbd177720f349b327b","/Users/rprokofev/Works/Waves/waveswallet-ios_dex/MarketPulseWidget/Resources/Localization/fr-FR.lproj/WavesMarketPulse.strings":"96bdbae3f5ab8270536043eea388b6c2b7ebabfac18efcc7708f47da9959d351e2f6555ee747a9504a1a63c55ee531ba77e62e3daa0a6003dc02b3d1db721080","/Users/rprokofev/Works/Waves/waveswallet-ios_dex/MarketPulseWidget/Resources/Localization/hi-IN.lproj/WavesMarketPulse.strings":"9157aba5da6390e075a4a49b15e1f5ed301c8721410df9873616ef02b40dc34c3492429fdde69a2e25d7f794acb675bdbb479cb54c4e495f5db8ce00307f5445","/Users/rprokofev/Works/Waves/waveswallet-ios_dex/MarketPulseWidget/Resources/Localization/id.lproj/WavesMarketPulse.strings":"b107bc75a1944346def9dcd73748d7bcf8dfb86fc72ad48f718bbde1e7b23baccfa2caceca8e1112c0fbe61c342c34e4df1925df1cc76fab9bdaf7fb396db18d","/Users/rprokofev/Works/Waves/waveswallet-ios_dex/MarketPulseWidget/Resources/Localization/it.lproj/WavesMarketPulse.strings":"088f038d4207b5b79f6bbba7df29b65ca42b99962ee659316751abe32f08d4e2dfb81bacea49a58cec1ccebe7689c6909202369a8b4c5e57f550e7bf89a2f3a4","/Users/rprokofev/Works/Waves/waveswallet-ios_dex/MarketPulseWidget/Resources/Localization/ja.lproj/WavesMarketPulse.strings":"7ff4caa3e50aeb092b31be0feccbe0e67f48dec2e381bc02fc89e63f0b9905af64b3634b996096805c675d60c65b87ad068275b2f0bec3e09c4a121e774a4903","/Users/rprokofev/Works/Waves/waveswallet-ios_dex/MarketPulseWidget/Resources/Localization/ko.lproj/WavesMarketPulse.strings":"002c654037747a792498512d08f068fb0c39eebd81694131c7307575c09c84ef91a7110e04088c44acc99355d81c55da9e92bd528761f12659519484a69076a2","/Users/rprokofev/Works/Waves/waveswallet-ios_dex/MarketPulseWidget/Resources/Localization/nl-NL.lproj/WavesMarketPulse.strings":"c3f76669380f18d65ecf95ea0c21eace963284a56c830f04294c1bf13c6c9974396c6f9cb3c85f3678d9d85fb785224c14aa4b2f5f306b05f33c1b8160825c56","/Users/rprokofev/Works/Waves/waveswallet-ios_dex/MarketPulseWidget/Resources/Localization/pl.lproj/WavesMarketPulce.strings":"c3f76669380f18d65ecf95ea0c21eace963284a56c830f04294c1bf13c6c9974396c6f9cb3c85f3678d9d85fb785224c14aa4b2f5f306b05f33c1b8160825c56","/Users/rprokofev/Works/Waves/waveswallet-ios_dex/MarketPulseWidget/Resources/Localization/pl.lproj/WavesMarketPulse.strings":"933048554b10fce8baf26a95754ea918216b7e76795dd43c530e347e1742c707c4a8f974e390a2572f79930b1d81a8dd5bd5fee2757df8350890b4b1481babc2","/Users/rprokofev/Works/Waves/waveswallet-ios_dex/MarketPulseWidget/Resources/Localization/pt-BR.lproj/WavesMarketPulse.strings":"9df22a6f83a0c10075b78407e0bf9158b08da7e8c4b3db1921ce16ec4a090a557716354040203e0b2ff9af57a6ca7bb4b29a66b741e66444ad8d5bd9f5413053","/Users/rprokofev/Works/Waves/waveswallet-ios_dex/MarketPulseWidget/Resources/Localization/pt-PT.lproj/WavesMarketPulse.strings":"9df22a6f83a0c10075b78407e0bf9158b08da7e8c4b3db1921ce16ec4a090a557716354040203e0b2ff9af57a6ca7bb4b29a66b741e66444ad8d5bd9f5413053","/Users/rprokofev/Works/Waves/waveswallet-ios_dex/MarketPulseWidget/Resources/Localization/ru.lproj/WavesMarketPulse.strings":"342d9e168c73d2bc10b1c50d90e5fc1b4db94cdd11c84295edcfa9cc2014f06e899df83646f5597989f165ee8058456bfcfeee4a14f66b6986e3ab4096229a94","/Users/rprokofev/Works/Waves/waveswallet-ios_dex/MarketPulseWidget/Resources/Localization/tr.lproj/WavesMarketPulse.strings":"78110048feb4257f8c32ca6cdf8dc72101a1cd6a40c7076b2dff63245e6dbe6a624cce124cf1dce98aca7efe11a61743c8ece2d18f2de3f6a0d88fa5067faae6","/Users/rprokofev/Works/Waves/waveswallet-ios_dex/MarketPulseWidget/Resources/Localization/zh-Hans-CN.lproj/WavesMarketPulse.strings":"7ff4caa3e50aeb092b31be0feccbe0e67f48dec2e381bc02fc89e63f0b9905af64b3634b996096805c675d60c65b87ad068275b2f0bec3e09c4a121e774a4903"}}