PODS:
  - Base58 (0.3)
  - Blake2 (0.1)
  - CryptoSwift (0.15.0)
  - Curve25519 (2.0.3)
  - Keccak (0.2)
  - ReachabilitySwift (4.3.1)
  - RxCocoa (4.5.0):
    - RxSwift (>= 4.4.2, ~> 4.4)
  - RxReachability (0.1.8):
    - ReachabilitySwift (~> 4.3.0)
    - RxCocoa (~> 4)
    - RxSwift (~> 4)
  - RxSwift (4.5.0)
  - WavesSDK/Extensions (0.1):
    - Base58
    - Blake2
    - CryptoSwift (~> 0.15)
    - Curve25519
    - Keccak
    - RxReachability (~> 0.1.8)
    - RxSwift (~> 4.0)

DEPENDENCIES:
  - RxSwift
  - WavesSDK/Extensions (from `../WavesSDK/`)

SPEC REPOS:
  https://github.com/cocoapods/specs.git:
    - CryptoSwift
    - ReachabilitySwift
    - RxCocoa
    - RxReachability
    - RxSwift
  https://github.com/wavesplatform/Specs.git:
    - Base58
    - Blake2
    - Curve25519
    - Keccak

EXTERNAL SOURCES:
  WavesSDK:
    :path: "../WavesSDK/"

SPEC CHECKSUMS:
  Base58: 419d6be274b8bb6ae4649e492bee67a0c1c09230
  Blake2: 682a2367efad6a4c85ecc691acfa3f9dfceeceb0
  CryptoSwift: 769f58a9e89f64e8796c2e59ce5f002dc81a2438
  Curve25519: 4c9483171010b27488a3bac6ee327588a1182fb4
  Keccak: 746b8f26ac04386f165f55998ca7c81666b8721d
  ReachabilitySwift: 4032e2f59586e11e3b0ebe15b167abdd587a388b
  RxCocoa: cbf70265dc65a981d4ac982e513c10cf23df24a0
  RxReachability: 053f2d913db44998242ade488ccaef558f3ce7cb
  RxSwift: f172070dfd1a93d70a9ab97a5a01166206e1c575
  WavesSDK: 91f011fccac029912299aac08bc98a15b0eae9ea

PODFILE CHECKSUM: b3a2edff6fc7a18c6d6304d373fefb05303eff3e

COCOAPODS: 1.6.1
